
Microsoft Visual Studio Solution File, Format Version 12.00
# Visual Studio Version 17
VisualStudioVersion = 17.8.34316.72
MinimumVisualStudioVersion = 10.0.40219.1
Project("{FAE04EC0-301F-11D3-BF4B-00C04F79EFBC}") = "ADOWindowForm", "ADOWindowForm\ADOWindowForm.csproj", "{94A1EE76-90FA-4258-B851-A8E4EA48D5DC}"
EndProject
Global
	GlobalSection(SolutionConfigurationPlatforms) = preSolution
		Debug|Any CPU = Debug|Any CPU
		Release|Any CPU = Release|Any CPU
	EndGlobalSection
	GlobalSection(ProjectConfigurationPlatforms) = postSolution
		{94A1EE76-90FA-4258-B851-A8E4EA48D5DC}.Debug|Any CPU.ActiveCfg = Debug|Any CPU
		{94A1EE76-90FA-4258-B851-A8E4EA48D5DC}.Debug|Any CPU.Build.0 = Debug|Any CPU
		{94A1EE76-90FA-4258-B851-A8E4EA48D5DC}.Release|Any CPU.ActiveCfg = Release|Any CPU
		{94A1EE76-90FA-4258-B851-A8E4EA48D5DC}.Release|Any CPU.Build.0 = Release|Any CPU
	EndGlobalSection
	GlobalSection(SolutionProperties) = preSolution
		HideSolutionNode = FALSE
	EndGlobalSection
	GlobalSection(ExtensibilityGlobals) = postSolution
		SolutionGuid = {32F993A4-A1EA-483B-A207-6ABBAD8BE8FA}
	EndGlobalSection
EndGlobal
